// !$*UTF8*$!
{
	archiveVersion = 1;
	classes = {
	};
	objectVersion = 50;
	objects = {

/* Begin PBXBuildFile section */
		BD28C574F111C11C1C8F56AA /* Pods_Demo.framework in Frameworks */ = {isa = PBXBuildFile; fileRef = 30A52D6657F45A794D7443F4 /* Pods_Demo.framework */; };
		C05C0C19215099A20098C895 /* OneViewController.swift in Sources */ = {isa = PBXBuildFile; fileRef = C05C0C18215099A20098C895 /* OneViewController.swift */; };
		C05C0C1C215099ED0098C895 /* TwoViewController.swift in Sources */ = {isa = PBXBuildFile; fileRef = C05C0C1B215099ED0098C895 /* TwoViewController.swift */; };
		C0879FC220F7AF870053BBE8 /* AppDelegate.swift in Sources */ = {isa = PBXBuildFile; fileRef = C0879FC120F7AF870053BBE8 /* AppDelegate.swift */; };
		C0879FC420F7AF870053BBE8 /* ViewController.swift in Sources */ = {isa = PBXBuildFile; fileRef = C0879FC320F7AF870053BBE8 /* ViewController.swift */; };
		C0879FC720F7AF870053BBE8 /* Main.storyboard in Resources */ = {isa = PBXBuildFile; fileRef = C0879FC520F7AF870053BBE8 /* Main.storyboard */; };
		C0879FC920F7AF880053BBE8 /* Assets.xcassets in Resources */ = {isa = PBXBuildFile; fileRef = C0879FC820F7AF880053BBE8 /* Assets.xcassets */; };
		C0879FCC20F7AF880053BBE8 /* LaunchScreen.storyboard in Resources */ = {isa = PBXBuildFile; fileRef = C0879FCA20F7AF880053BBE8 /* LaunchScreen.storyboard */; };
		C0879FD720F7AF890053BBE8 /* DemoTests.swift in Sources */ = {isa = PBXBuildFile; fileRef = C0879FD620F7AF890053BBE8 /* DemoTests.swift */; };
		C0879FE220F7AF890053BBE8 /* DemoUITests.swift in Sources */ = {isa = PBXBuildFile; fileRef = C0879FE120F7AF890053BBE8 /* DemoUITests.swift */; };
		C0879FF120F83B260053BBE8 /* RootNavigationViewController.swift in Sources */ = {isa = PBXBuildFile; fileRef = C0879FF020F83B260053BBE8 /* RootNavigationViewController.swift */; };
		C0879FFC20F8F5EB0053BBE8 /* BaseViewController.swift in Sources */ = {isa = PBXBuildFile; fileRef = C0879FFB20F8F5EB0053BBE8 /* BaseViewController.swift */; };
		C0879FFE20F8F62D0053BBE8 /* TabBarViewController.swift in Sources */ = {isa = PBXBuildFile; fileRef = C0879FFD20F8F62D0053BBE8 /* TabBarViewController.swift */; };
		C087A00020F8FD2A0053BBE8 /* HomeViewController.swift in Sources */ = {isa = PBXBuildFile; fileRef = C0879FFF20F8FD2A0053BBE8 /* HomeViewController.swift */; };
/* End PBXBuildFile section */

/* Begin PBXContainerItemProxy section */
		C0879FD320F7AF890053BBE8 /* PBXContainerItemProxy */ = {
			isa = PBXContainerItemProxy;
			containerPortal = C0879FB620F7AF870053BBE8 /* Project object */;
			proxyType = 1;
			remoteGlobalIDString = C0879FBD20F7AF870053BBE8;
			remoteInfo = Demo;
		};
		C0879FDE20F7AF890053BBE8 /* PBXContainerItemProxy */ = {
			isa = PBXContainerItemProxy;
			containerPortal = C0879FB620F7AF870053BBE8 /* Project object */;
			proxyType = 1;
			remoteGlobalIDString = C0879FBD20F7AF870053BBE8;
			remoteInfo = Demo;
		};
/* End PBXContainerItemProxy section */

/* Begin PBXFileReference section */
		30A52D6657F45A794D7443F4 /* Pods_Demo.framework */ = {isa = PBXFileReference; explicitFileType = wrapper.framework; includeInIndex = 0; path = Pods_Demo.framework; sourceTree = BUILT_PRODUCTS_DIR; };
		AF42E62B542E5E0A066AE7D1 /* Pods-Demo.release.xcconfig */ = {isa = PBXFileReference; includeInIndex = 1; lastKnownFileType = text.xcconfig; name = "Pods-Demo.release.xcconfig"; path = "Pods/Target Support Files/Pods-Demo/Pods-Demo.release.xcconfig"; sourceTree = "<group>"; };
		C05C0C18215099A20098C895 /* OneViewController.swift */ = {isa = PBXFileReference; lastKnownFileType = sourcecode.swift; path = OneViewController.swift; sourceTree = "<group>"; };
		C05C0C1B215099ED0098C895 /* TwoViewController.swift */ = {isa = PBXFileReference; lastKnownFileType = sourcecode.swift; path = TwoViewController.swift; sourceTree = "<group>"; };
		C0879FBE20F7AF870053BBE8 /* Demo.app */ = {isa = PBXFileReference; explicitFileType = wrapper.application; includeInIndex = 0; path = Demo.app; sourceTree = BUILT_PRODUCTS_DIR; };
		C0879FC120F7AF870053BBE8 /* AppDelegate.swift */ = {isa = PBXFileReference; lastKnownFileType = sourcecode.swift; path = AppDelegate.swift; sourceTree = "<group>"; };
		C0879FC320F7AF870053BBE8 /* ViewController.swift */ = {isa = PBXFileReference; lastKnownFileType = sourcecode.swift; path = ViewController.swift; sourceTree = "<group>"; };
		C0879FC620F7AF870053BBE8 /* Base */ = {isa = PBXFileReference; lastKnownFileType = file.storyboard; name = Base; path = Base.lproj/Main.storyboard; sourceTree = "<group>"; };
		C0879FC820F7AF880053BBE8 /* Assets.xcassets */ = {isa = PBXFileReference; lastKnownFileType = folder.assetcatalog; path = Assets.xcassets; sourceTree = "<group>"; };
		C0879FCB20F7AF880053BBE8 /* Base */ = {isa = PBXFileReference; lastKnownFileType = file.storyboard; name = Base; path = Base.lproj/LaunchScreen.storyboard; sourceTree = "<group>"; };
		C0879FCD20F7AF880053BBE8 /* Info.plist */ = {isa = PBXFileReference; lastKnownFileType = text.plist.xml; path = Info.plist; sourceTree = "<group>"; };
		C0879FD220F7AF890053BBE8 /* DemoTests.xctest */ = {isa = PBXFileReference; explicitFileType = wrapper.cfbundle; includeInIndex = 0; path = DemoTests.xctest; sourceTree = BUILT_PRODUCTS_DIR; };
		C0879FD620F7AF890053BBE8 /* DemoTests.swift */ = {isa = PBXFileReference; lastKnownFileType = sourcecode.swift; path = DemoTests.swift; sourceTree = "<group>"; };
		C0879FD820F7AF890053BBE8 /* Info.plist */ = {isa = PBXFileReference; lastKnownFileType = text.plist.xml; path = Info.plist; sourceTree = "<group>"; };
		C0879FDD20F7AF890053BBE8 /* DemoUITests.xctest */ = {isa = PBXFileReference; explicitFileType = wrapper.cfbundle; includeInIndex = 0; path = DemoUITests.xctest; sourceTree = BUILT_PRODUCTS_DIR; };
		C0879FE120F7AF890053BBE8 /* DemoUITests.swift */ = {isa = PBXFileReference; lastKnownFileType = sourcecode.swift; path = DemoUITests.swift; sourceTree = "<group>"; };
		C0879FE320F7AF890053BBE8 /* Info.plist */ = {isa = PBXFileReference; lastKnownFileType = text.plist.xml; path = Info.plist; sourceTree = "<group>"; };
		C0879FF020F83B260053BBE8 /* RootNavigationViewController.swift */ = {isa = PBXFileReference; lastKnownFileType = sourcecode.swift; path = RootNavigationViewController.swift; sourceTree = "<group>"; };
		C0879FFB20F8F5EB0053BBE8 /* BaseViewController.swift */ = {isa = PBXFileReference; lastKnownFileType = sourcecode.swift; path = BaseViewController.swift; sourceTree = "<group>"; };
		C0879FFD20F8F62D0053BBE8 /* TabBarViewController.swift */ = {isa = PBXFileReference; lastKnownFileType = sourcecode.swift; path = TabBarViewController.swift; sourceTree = "<group>"; };
		C0879FFF20F8FD2A0053BBE8 /* HomeViewController.swift */ = {isa = PBXFileReference; lastKnownFileType = sourcecode.swift; path = HomeViewController.swift; sourceTree = "<group>"; };
		CB94034AA3076F333864C256 /* Pods-Demo.debug.xcconfig */ = {isa = PBXFileReference; includeInIndex = 1; lastKnownFileType = text.xcconfig; name = "Pods-Demo.debug.xcconfig"; path = "Pods/Target Support Files/Pods-Demo/Pods-Demo.debug.xcconfig"; sourceTree = "<group>"; };
/* End PBXFileReference section */

/* Begin PBXFrameworksBuildPhase section */
		C0879FBB20F7AF870053BBE8 /* Frameworks */ = {
			isa = PBXFrameworksBuildPhase;
			buildActionMask = 2147483647;
			files = (
				BD28C574F111C11C1C8F56AA /* Pods_Demo.framework in Frameworks */,
			);
			runOnlyForDeploymentPostprocessing = 0;
		};
		C0879FCF20F7AF890053BBE8 /* Frameworks */ = {
			isa = PBXFrameworksBuildPhase;
			buildActionMask = 2147483647;
			files = (
			);
			runOnlyForDeploymentPostprocessing = 0;
		};
		C0879FDA20F7AF890053BBE8 /* Frameworks */ = {
			isa = PBXFrameworksBuildPhase;
			buildActionMask = 2147483647;
			files = (
			);
			runOnlyForDeploymentPostprocessing = 0;
		};
/* End PBXFrameworksBuildPhase section */

/* Begin PBXGroup section */
		06B515C6BDC9EB3D9E9554B7 /* Pods */ = {
			isa = PBXGroup;
			children = (
				CB94034AA3076F333864C256 /* Pods-Demo.debug.xcconfig */,
				AF42E62B542E5E0A066AE7D1 /* Pods-Demo.release.xcconfig */,
			);
			name = Pods;
			sourceTree = "<group>";
		};
		27CA451FE138A83DADEF60D7 /* Frameworks */ = {
			isa = PBXGroup;
			children = (
				30A52D6657F45A794D7443F4 /* Pods_Demo.framework */,
			);
			name = Frameworks;
			sourceTree = "<group>";
		};
		C05C0C142150992E0098C895 /* one */ = {
			isa = PBXGroup;
			children = (
				C05C0C18215099A20098C895 /* OneViewController.swift */,
			);
			path = one;
			sourceTree = "<group>";
		};
		C05C0C152150993A0098C895 /* two */ = {
			isa = PBXGroup;
			children = (
				C05C0C1B215099ED0098C895 /* TwoViewController.swift */,
			);
			path = two;
			sourceTree = "<group>";
		};
		C05C0C16215099410098C895 /* three */ = {
			isa = PBXGroup;
			children = (
				C0879FFF20F8FD2A0053BBE8 /* HomeViewController.swift */,
			);
			path = three;
			sourceTree = "<group>";
		};
		C05C0C172150996F0098C895 /* four */ = {
			isa = PBXGroup;
			children = (
				C0879FC320F7AF870053BBE8 /* ViewController.swift */,
			);
			path = four;
			sourceTree = "<group>";
		};
		C0879FB520F7AF870053BBE8 = {
			isa = PBXGroup;
			children = (
				C0879FC020F7AF870053BBE8 /* Demo */,
				C0879FD520F7AF890053BBE8 /* DemoTests */,
				C0879FE020F7AF890053BBE8 /* DemoUITests */,
				C0879FBF20F7AF870053BBE8 /* Products */,
				06B515C6BDC9EB3D9E9554B7 /* Pods */,
				27CA451FE138A83DADEF60D7 /* Frameworks */,
			);
			sourceTree = "<group>";
		};
		C0879FBF20F7AF870053BBE8 /* Products */ = {
			isa = PBXGroup;
			children = (
				C0879FBE20F7AF870053BBE8 /* Demo.app */,
				C0879FD220F7AF890053BBE8 /* DemoTests.xctest */,
				C0879FDD20F7AF890053BBE8 /* DemoUITests.xctest */,
			);
			name = Products;
			sourceTree = "<group>";
		};
		C0879FC020F7AF870053BBE8 /* Demo */ = {
			isa = PBXGroup;
			children = (
				C05C0C172150996F0098C895 /* four */,
				C05C0C16215099410098C895 /* three */,
				C05C0C152150993A0098C895 /* two */,
				C05C0C142150992E0098C895 /* one */,
				C0879FC120F7AF870053BBE8 /* AppDelegate.swift */,
				C0879FF020F83B260053BBE8 /* RootNavigationViewController.swift */,
				C0879FFD20F8F62D0053BBE8 /* TabBarViewController.swift */,
				C0879FFB20F8F5EB0053BBE8 /* BaseViewController.swift */,
				C0879FC520F7AF870053BBE8 /* Main.storyboard */,
				C0879FC820F7AF880053BBE8 /* Assets.xcassets */,
				C0879FCA20F7AF880053BBE8 /* LaunchScreen.storyboard */,
				C0879FCD20F7AF880053BBE8 /* Info.plist */,
			);
			path = Demo;
			sourceTree = "<group>";
		};
		C0879FD520F7AF890053BBE8 /* DemoTests */ = {
			isa = PBXGroup;
			children = (
				C0879FD620F7AF890053BBE8 /* DemoTests.swift */,
				C0879FD820F7AF890053BBE8 /* Info.plist */,
			);
			path = DemoTests;
			sourceTree = "<group>";
		};
		C0879FE020F7AF890053BBE8 /* DemoUITests */ = {
			isa = PBXGroup;
			children = (
				C0879FE120F7AF890053BBE8 /* DemoUITests.swift */,
				C0879FE320F7AF890053BBE8 /* Info.plist */,
			);
			path = DemoUITests;
			sourceTree = "<group>";
		};
/* End PBXGroup section */

/* Begin PBXNativeTarget section */
		C0879FBD20F7AF870053BBE8 /* Demo */ = {
			isa = PBXNativeTarget;
			buildConfigurationList = C0879FE620F7AF890053BBE8 /* Build configuration list for PBXNativeTarget "Demo" */;
			buildPhases = (
				7874FE46D67CAD5764AA55F4 /* [CP] Check Pods Manifest.lock */,
				C0879FBA20F7AF870053BBE8 /* Sources */,
				C0879FBB20F7AF870053BBE8 /* Frameworks */,
				C0879FBC20F7AF870053BBE8 /* Resources */,
				32B0C6EF8C4AB48BF5C593F4 /* [CP] Embed Pods Frameworks */,
			);
			buildRules = (
			);
			dependencies = (
			);
			name = Demo;
			productName = Demo;
			productReference = C0879FBE20F7AF870053BBE8 /* Demo.app */;
			productType = "com.apple.product-type.application";
		};
		C0879FD120F7AF890053BBE8 /* DemoTests */ = {
			isa = PBXNativeTarget;
			buildConfigurationList = C0879FE920F7AF890053BBE8 /* Build configuration list for PBXNativeTarget "DemoTests" */;
			buildPhases = (
				C0879FCE20F7AF890053BBE8 /* Sources */,
				C0879FCF20F7AF890053BBE8 /* Frameworks */,
				C0879FD020F7AF890053BBE8 /* Resources */,
			);
			buildRules = (
			);
			dependencies = (
				C0879FD420F7AF890053BBE8 /* PBXTargetDependency */,
			);
			name = DemoTests;
			productName = DemoTests;
			productReference = C0879FD220F7AF890053BBE8 /* DemoTests.xctest */;
			productType = "com.apple.product-type.bundle.unit-test";
		};
		C0879FDC20F7AF890053BBE8 /* DemoUITests */ = {
			isa = PBXNativeTarget;
			buildConfigurationList = C0879FEC20F7AF890053BBE8 /* Build configuration list for PBXNativeTarget "DemoUITests" */;
			buildPhases = (
				C0879FD920F7AF890053BBE8 /* Sources */,
				C0879FDA20F7AF890053BBE8 /* Frameworks */,
				C0879FDB20F7AF890053BBE8 /* Resources */,
			);
			buildRules = (
			);
			dependencies = (
				C0879FDF20F7AF890053BBE8 /* PBXTargetDependency */,
			);
			name = DemoUITests;
			productName = DemoUITests;
			productReference = C0879FDD20F7AF890053BBE8 /* DemoUITests.xctest */;
			productType = "com.apple.product-type.bundle.ui-testing";
		};
/* End PBXNativeTarget section */

/* Begin PBXProject section */
		C0879FB620F7AF870053BBE8 /* Project object */ = {
			isa = PBXProject;
			attributes = {
				LastSwiftUpdateCheck = 0940;
				LastUpgradeCheck = 0940;
				ORGANIZATIONNAME = chenjs;
				TargetAttributes = {
					C0879FBD20F7AF870053BBE8 = {
						CreatedOnToolsVersion = 9.4.1;
					};
					C0879FD120F7AF890053BBE8 = {
						CreatedOnToolsVersion = 9.4.1;
						TestTargetID = C0879FBD20F7AF870053BBE8;
					};
					C0879FDC20F7AF890053BBE8 = {
						CreatedOnToolsVersion = 9.4.1;
						TestTargetID = C0879FBD20F7AF870053BBE8;
					};
				};
			};
			buildConfigurationList = C0879FB920F7AF870053BBE8 /* Build configuration list for PBXProject "Demo" */;
			compatibilityVersion = "Xcode 9.3";
			developmentRegion = en;
			hasScannedForEncodings = 0;
			knownRegions = (
				en,
				Base,
			);
			mainGroup = C0879FB520F7AF870053BBE8;
			productRefGroup = C0879FBF20F7AF870053BBE8 /* Products */;
			projectDirPath = "";
			projectRoot = "";
			targets = (
				C0879FBD20F7AF870053BBE8 /* Demo */,
				C0879FD120F7AF890053BBE8 /* DemoTests */,
				C0879FDC20F7AF890053BBE8 /* DemoUITests */,
			);
		};
/* End PBXProject section */

/* Begin PBXResourcesBuildPhase section */
		C0879FBC20F7AF870053BBE8 /* Resources */ = {
			isa = PBXResourcesBuildPhase;
			buildActionMask = 2147483647;
			files = (
				C0879FCC20F7AF880053BBE8 /* LaunchScreen.storyboard in Resources */,
				C0879FC920F7AF880053BBE8 /* Assets.xcassets in Resources */,
				C0879FC720F7AF870053BBE8 /* Main.storyboard in Resources */,
			);
			runOnlyForDeploymentPostprocessing = 0;
		};
		C0879FD020F7AF890053BBE8 /* Resources */ = {
			isa = PBXResourcesBuildPhase;
			buildActionMask = 2147483647;
			files = (
			);
			runOnlyForDeploymentPostprocessing = 0;
		};
		C0879FDB20F7AF890053BBE8 /* Resources */ = {
			isa = PBXResourcesBuildPhase;
			buildActionMask = 2147483647;
			files = (
			);
			runOnlyForDeploymentPostprocessing = 0;
		};
/* End PBXResourcesBuildPhase section */

/* Begin PBXShellScriptBuildPhase section */
		32B0C6EF8C4AB48BF5C593F4 /* [CP] Embed Pods Frameworks */ = {
			isa = PBXShellScriptBuildPhase;
			buildActionMask = 2147483647;
			files = (
			);
			inputPaths = (
				"${SRCROOT}/Pods/Target Support Files/Pods-Demo/Pods-Demo-frameworks.sh",
				"${BUILT_PRODUCTS_DIR}/Alamofire/Alamofire.framework",
				"${BUILT_PRODUCTS_DIR}/DNSPageView/DNSPageView.framework",
				"${BUILT_PRODUCTS_DIR}/ESTabBarController-swift/ESTabBarController_swift.framework",
				"${BUILT_PRODUCTS_DIR}/FSPagerView/FSPagerView.framework",
				"${BUILT_PRODUCTS_DIR}/HandyJSON/HandyJSON.framework",
				"${BUILT_PRODUCTS_DIR}/Kingfisher/Kingfisher.framework",
				"${BUILT_PRODUCTS_DIR}/LTScrollView/LTScrollView.framework",
				"${BUILT_PRODUCTS_DIR}/MJRefresh/MJRefresh.framework",
				"${BUILT_PRODUCTS_DIR}/Moya/Moya.framework",
				"${BUILT_PRODUCTS_DIR}/Result/Result.framework",
				"${BUILT_PRODUCTS_DIR}/SVProgressHUD/SVProgressHUD.framework",
				"${BUILT_PRODUCTS_DIR}/SnapKit/SnapKit.framework",
				"${BUILT_PRODUCTS_DIR}/StreamingKit/StreamingKit.framework",
				"${BUILT_PRODUCTS_DIR}/SwiftMessages/SwiftMessages.framework",
				"${BUILT_PRODUCTS_DIR}/SwiftyJSON/SwiftyJSON.framework",
			);
			name = "[CP] Embed Pods Frameworks";
			outputPaths = (
				"${TARGET_BUILD_DIR}/${FRAMEWORKS_FOLDER_PATH}/Alamofire.framework",
				"${TARGET_BUILD_DIR}/${FRAMEWORKS_FOLDER_PATH}/DNSPageView.framework",
				"${TARGET_BUILD_DIR}/${FRAMEWORKS_FOLDER_PATH}/ESTabBarController_swift.framework",
				"${TARGET_BUILD_DIR}/${FRAMEWORKS_FOLDER_PATH}/FSPagerView.framework",
				"${TARGET_BUILD_DIR}/${FRAMEWORKS_FOLDER_PATH}/HandyJSON.framework",
				"${TARGET_BUILD_DIR}/${FRAMEWORKS_FOLDER_PATH}/Kingfisher.framework",
				"${TARGET_BUILD_DIR}/${FRAMEWORKS_FOLDER_PATH}/LTScrollView.framework",
				"${TARGET_BUILD_DIR}/${FRAMEWORKS_FOLDER_PATH}/MJRefresh.framework",
				"${TARGET_BUILD_DIR}/${FRAMEWORKS_FOLDER_PATH}/Moya.framework",
				"${TARGET_BUILD_DIR}/${FRAMEWORKS_FOLDER_PATH}/Result.framework",
				"${TARGET_BUILD_DIR}/${FRAMEWORKS_FOLDER_PATH}/SVProgressHUD.framework",
				"${TARGET_BUILD_DIR}/${FRAMEWORKS_FOLDER_PATH}/SnapKit.framework",
				"${TARGET_BUILD_DIR}/${FRAMEWORKS_FOLDER_PATH}/StreamingKit.framework",
				"${TARGET_BUILD_DIR}/${FRAMEWORKS_FOLDER_PATH}/SwiftMessages.framework",
				"${TARGET_BUILD_DIR}/${FRAMEWORKS_FOLDER_PATH}/SwiftyJSON.framework",
			);
			runOnlyForDeploymentPostprocessing = 0;
			shellPath = /bin/sh;
			shellScript = "\"${SRCROOT}/Pods/Target Support Files/Pods-Demo/Pods-Demo-frameworks.sh\"\n";
			showEnvVarsInLog = 0;
		};
		7874FE46D67CAD5764AA55F4 /* [CP] Check Pods Manifest.lock */ = {
			isa = PBXShellScriptBuildPhase;
			buildActionMask = 2147483647;
			files = (
			);
			inputPaths = (
				"${PODS_PODFILE_DIR_PATH}/Podfile.lock",
				"${PODS_ROOT}/Manifest.lock",
			);
			name = "[CP] Check Pods Manifest.lock";
			outputPaths = (
				"$(DERIVED_FILE_DIR)/Pods-Demo-checkManifestLockResult.txt",
			);
			runOnlyForDeploymentPostprocessing = 0;
			shellPath = /bin/sh;
			shellScript = "diff \"${PODS_PODFILE_DIR_PATH}/Podfile.lock\" \"${PODS_ROOT}/Manifest.lock\" > /dev/null\nif [ $? != 0 ] ; then\n    # print error to STDERR\n    echo \"error: The sandbox is not in sync with the Podfile.lock. Run 'pod install' or update your CocoaPods installation.\" >&2\n    exit 1\nfi\n# This output is used by Xcode 'outputs' to avoid re-running this script phase.\necho \"SUCCESS\" > \"${SCRIPT_OUTPUT_FILE_0}\"\n";
			showEnvVarsInLog = 0;
		};
/* End PBXShellScriptBuildPhase section */

/* Begin PBXSourcesBuildPhase section */
		C0879FBA20F7AF870053BBE8 /* Sources */ = {
			isa = PBXSourcesBuildPhase;
			buildActionMask = 2147483647;
			files = (
				C0879FF120F83B260053BBE8 /* RootNavigationViewController.swift in Sources */,
				C0879FFC20F8F5EB0053BBE8 /* BaseViewController.swift in Sources */,
				C0879FC420F7AF870053BBE8 /* ViewController.swift in Sources */,
				C05C0C1C215099ED0098C895 /* TwoViewController.swift in Sources */,
				C0879FFE20F8F62D0053BBE8 /* TabBarViewController.swift in Sources */,
				C0879FC220F7AF870053BBE8 /* AppDelegate.swift in Sources */,
				C05C0C19215099A20098C895 /* OneViewController.swift in Sources */,
				C087A00020F8FD2A0053BBE8 /* HomeViewController.swift in Sources */,
			);
			runOnlyForDeploymentPostprocessing = 0;
		};
		C0879FCE20F7AF890053BBE8 /* Sources */ = {
			isa = PBXSourcesBuildPhase;
			buildActionMask = 2147483647;
			files = (
				C0879FD720F7AF890053BBE8 /* DemoTests.swift in Sources */,
			);
			runOnlyForDeploymentPostprocessing = 0;
		};
		C0879FD920F7AF890053BBE8 /* Sources */ = {
			isa = PBXSourcesBuildPhase;
			buildActionMask = 2147483647;
			files = (
				C0879FE220F7AF890053BBE8 /* DemoUITests.swift in Sources */,
			);
			runOnlyForDeploymentPostprocessing = 0;
		};
/* End PBXSourcesBuildPhase section */

/* Begin PBXTargetDependency section */
		C0879FD420F7AF890053BBE8 /* PBXTargetDependency */ = {
			isa = PBXTargetDependency;
			target = C0879FBD20F7AF870053BBE8 /* Demo */;
			targetProxy = C0879FD320F7AF890053BBE8 /* PBXContainerItemProxy */;
		};
		C0879FDF20F7AF890053BBE8 /* PBXTargetDependency */ = {
			isa = PBXTargetDependency;
			target = C0879FBD20F7AF870053BBE8 /* Demo */;
			targetProxy = C0879FDE20F7AF890053BBE8 /* PBXContainerItemProxy */;
		};
/* End PBXTargetDependency section */

/* Begin PBXVariantGroup section */
		C0879FC520F7AF870053BBE8 /* Main.storyboard */ = {
			isa = PBXVariantGroup;
			children = (
				C0879FC620F7AF870053BBE8 /* Base */,
			);
			name = Main.storyboard;
			sourceTree = "<group>";
		};
		C0879FCA20F7AF880053BBE8 /* LaunchScreen.storyboard */ = {
			isa = PBXVariantGroup;
			children = (
				C0879FCB20F7AF880053BBE8 /* Base */,
			);
			name = LaunchScreen.storyboard;
			sourceTree = "<group>";
		};
/* End PBXVariantGroup section */

/* Begin XCBuildConfiguration section */
		C0879FE420F7AF890053BBE8 /* Debug */ = {
			isa = XCBuildConfiguration;
			buildSettings = {
				ALWAYS_SEARCH_USER_PATHS = NO;
				CLANG_ANALYZER_NONNULL = YES;
				CLANG_ANALYZER_NUMBER_OBJECT_CONVERSION = YES_AGGRESSIVE;
				CLANG_CXX_LANGUAGE_STANDARD = "gnu++14";
				CLANG_CXX_LIBRARY = "libc++";
				CLANG_ENABLE_MODULES = YES;
				CLANG_ENABLE_OBJC_ARC = YES;
				CLANG_ENABLE_OBJC_WEAK = YES;
				CLANG_WARN_BLOCK_CAPTURE_AUTORELEASING = YES;
				CLANG_WARN_BOOL_CONVERSION = YES;
				CLANG_WARN_COMMA = YES;
				CLANG_WARN_CONSTANT_CONVERSION = YES;
				CLANG_WARN_DEPRECATED_OBJC_IMPLEMENTATIONS = YES;
				CLANG_WARN_DIRECT_OBJC_ISA_USAGE = YES_ERROR;
				CLANG_WARN_DOCUMENTATION_COMMENTS = YES;
				CLANG_WARN_EMPTY_BODY = YES;
				CLANG_WARN_ENUM_CONVERSION = YES;
				CLANG_WARN_INFINITE_RECURSION = YES;
				CLANG_WARN_INT_CONVERSION = YES;
				CLANG_WARN_NON_LITERAL_NULL_CONVERSION = YES;
				CLANG_WARN_OBJC_IMPLICIT_RETAIN_SELF = YES;
				CLANG_WARN_OBJC_LITERAL_CONVERSION = YES;
				CLANG_WARN_OBJC_ROOT_CLASS = YES_ERROR;
				CLANG_WARN_RANGE_LOOP_ANALYSIS = YES;
				CLANG_WARN_STRICT_PROTOTYPES = YES;
				CLANG_WARN_SUSPICIOUS_MOVE = YES;
				CLANG_WARN_UNGUARDED_AVAILABILITY = YES_AGGRESSIVE;
				CLANG_WARN_UNREACHABLE_CODE = YES;
				CLANG_WARN__DUPLICATE_METHOD_MATCH = YES;
				CODE_SIGN_IDENTITY = "iPhone Developer";
				COPY_PHASE_STRIP = NO;
				DEBUG_INFORMATION_FORMAT = dwarf;
				ENABLE_STRICT_OBJC_MSGSEND = YES;
				ENABLE_TESTABILITY = YES;
				GCC_C_LANGUAGE_STANDARD = gnu11;
				GCC_DYNAMIC_NO_PIC = NO;
				GCC_NO_COMMON_BLOCKS = YES;
				GCC_OPTIMIZATION_LEVEL = 0;
				GCC_PREPROCESSOR_DEFINITIONS = (
					"DEBUG=1",
					"$(inherited)",
				);
				GCC_WARN_64_TO_32_BIT_CONVERSION = YES;
				GCC_WARN_ABOUT_RETURN_TYPE = YES_ERROR;
				GCC_WARN_UNDECLARED_SELECTOR = YES;
				GCC_WARN_UNINITIALIZED_AUTOS = YES_AGGRESSIVE;
				GCC_WARN_UNUSED_FUNCTION = YES;
				GCC_WARN_UNUSED_VARIABLE = YES;
				IPHONEOS_DEPLOYMENT_TARGET = 11.4;
				MTL_ENABLE_DEBUG_INFO = YES;
				ONLY_ACTIVE_ARCH = YES;
				SDKROOT = iphoneos;
				SWIFT_ACTIVE_COMPILATION_CONDITIONS = DEBUG;
				SWIFT_OPTIMIZATION_LEVEL = "-Onone";
			};
			name = Debug;
		};
		C0879FE520F7AF890053BBE8 /* Release */ = {
			isa = XCBuildConfiguration;
			buildSettings = {
				ALWAYS_SEARCH_USER_PATHS = NO;
				CLANG_ANALYZER_NONNULL = YES;
				CLANG_ANALYZER_NUMBER_OBJECT_CONVERSION = YES_AGGRESSIVE;
				CLANG_CXX_LANGUAGE_STANDARD = "gnu++14";
				CLANG_CXX_LIBRARY = "libc++";
				CLANG_ENABLE_MODULES = YES;
				CLANG_ENABLE_OBJC_ARC = YES;
				CLANG_ENABLE_OBJC_WEAK = YES;
				CLANG_WARN_BLOCK_CAPTURE_AUTORELEASING = YES;
				CLANG_WARN_BOOL_CONVERSION = YES;
				CLANG_WARN_COMMA = YES;
				CLANG_WARN_CONSTANT_CONVERSION = YES;
				CLANG_WARN_DEPRECATED_OBJC_IMPLEMENTATIONS = YES;
				CLANG_WARN_DIRECT_OBJC_ISA_USAGE = YES_ERROR;
				CLANG_WARN_DOCUMENTATION_COMMENTS = YES;
				CLANG_WARN_EMPTY_BODY = YES;
				CLANG_WARN_ENUM_CONVERSION = YES;
				CLANG_WARN_INFINITE_RECURSION = YES;
				CLANG_WARN_INT_CONVERSION = YES;
				CLANG_WARN_NON_LITERAL_NULL_CONVERSION = YES;
				CLANG_WARN_OBJC_IMPLICIT_RETAIN_SELF = YES;
				CLANG_WARN_OBJC_LITERAL_CONVERSION = YES;
				CLANG_WARN_OBJC_ROOT_CLASS = YES_ERROR;
				CLANG_WARN_RANGE_LOOP_ANALYSIS = YES;
				CLANG_WARN_STRICT_PROTOTYPES = YES;
				CLANG_WARN_SUSPICIOUS_MOVE = YES;
				CLANG_WARN_UNGUARDED_AVAILABILITY = YES_AGGRESSIVE;
				CLANG_WARN_UNREACHABLE_CODE = YES;
				CLANG_WARN__DUPLICATE_METHOD_MATCH = YES;
				CODE_SIGN_IDENTITY = "iPhone Developer";
				COPY_PHASE_STRIP = NO;
				DEBUG_INFORMATION_FORMAT = "dwarf-with-dsym";
				ENABLE_NS_ASSERTIONS = NO;
				ENABLE_STRICT_OBJC_MSGSEND = YES;
				GCC_C_LANGUAGE_STANDARD = gnu11;
				GCC_NO_COMMON_BLOCKS = YES;
				GCC_WARN_64_TO_32_BIT_CONVERSION = YES;
				GCC_WARN_ABOUT_RETURN_TYPE = YES_ERROR;
				GCC_WARN_UNDECLARED_SELECTOR = YES;
				GCC_WARN_UNINITIALIZED_AUTOS = YES_AGGRESSIVE;
				GCC_WARN_UNUSED_FUNCTION = YES;
				GCC_WARN_UNUSED_VARIABLE = YES;
				IPHONEOS_DEPLOYMENT_TARGET = 11.4;
				MTL_ENABLE_DEBUG_INFO = NO;
				SDKROOT = iphoneos;
				SWIFT_COMPILATION_MODE = wholemodule;
				SWIFT_OPTIMIZATION_LEVEL = "-O";
				VALIDATE_PRODUCT = YES;
			};
			name = Release;
		};
		C0879FE720F7AF890053BBE8 /* Debug */ = {
			isa = XCBuildConfiguration;
			baseConfigurationReference = CB94034AA3076F333864C256 /* Pods-Demo.debug.xcconfig */;
			buildSettings = {
				ASSETCATALOG_COMPILER_APPICON_NAME = AppIcon;
				CODE_SIGN_STYLE = Automatic;
				INFOPLIST_FILE = Demo/Info.plist;
				LD_RUNPATH_SEARCH_PATHS = (
					"$(inherited)",
					"@executable_path/Frameworks",
				);
				PRODUCT_BUNDLE_IDENTIFIER = com.cjs.demo.Demo;
				PRODUCT_NAME = "$(TARGET_NAME)";
				SWIFT_VERSION = 4.0;
				TARGETED_DEVICE_FAMILY = "1,2";
			};
			name = Debug;
		};
		C0879FE820F7AF890053BBE8 /* Release */ = {
			isa = XCBuildConfiguration;
			baseConfigurationReference = AF42E62B542E5E0A066AE7D1 /* Pods-Demo.release.xcconfig */;
			buildSettings = {
				ASSETCATALOG_COMPILER_APPICON_NAME = AppIcon;
				CODE_SIGN_STYLE = Automatic;
				INFOPLIST_FILE = Demo/Info.plist;
				LD_RUNPATH_SEARCH_PATHS = (
					"$(inherited)",
					"@executable_path/Frameworks",
				);
				PRODUCT_BUNDLE_IDENTIFIER = com.cjs.demo.Demo;
				PRODUCT_NAME = "$(TARGET_NAME)";
				SWIFT_VERSION = 4.0;
				TARGETED_DEVICE_FAMILY = "1,2";
			};
			name = Release;
		};
		C0879FEA20F7AF890053BBE8 /* Debug */ = {
			isa = XCBuildConfiguration;
			buildSettings = {
				ALWAYS_EMBED_SWIFT_STANDARD_LIBRARIES = YES;
				BUNDLE_LOADER = "$(TEST_HOST)";
				CODE_SIGN_STYLE = Automatic;
				INFOPLIST_FILE = DemoTests/Info.plist;
				LD_RUNPATH_SEARCH_PATHS = (
					"$(inherited)",
					"@executable_path/Frameworks",
					"@loader_path/Frameworks",
				);
				PRODUCT_BUNDLE_IDENTIFIER = com.cjs.demo.DemoTests;
				PRODUCT_NAME = "$(TARGET_NAME)";
				SWIFT_VERSION = 4.0;
				TARGETED_DEVICE_FAMILY = "1,2";
				TEST_HOST = "$(BUILT_PRODUCTS_DIR)/Demo.app/Demo";
			};
			name = Debug;
		};
		C0879FEB20F7AF890053BBE8 /* Release */ = {
			isa = XCBuildConfiguration;
			buildSettings = {
				ALWAYS_EMBED_SWIFT_STANDARD_LIBRARIES = YES;
				BUNDLE_LOADER = "$(TEST_HOST)";
				CODE_SIGN_STYLE = Automatic;
				INFOPLIST_FILE = DemoTests/Info.plist;
				LD_RUNPATH_SEARCH_PATHS = (
					"$(inherited)",
					"@executable_path/Frameworks",
					"@loader_path/Frameworks",
				);
				PRODUCT_BUNDLE_IDENTIFIER = com.cjs.demo.DemoTests;
				PRODUCT_NAME = "$(TARGET_NAME)";
				SWIFT_VERSION = 4.0;
				TARGETED_DEVICE_FAMILY = "1,2";
				TEST_HOST = "$(BUILT_PRODUCTS_DIR)/Demo.app/Demo";
			};
			name = Release;
		};
		C0879FED20F7AF890053BBE8 /* Debug */ = {
			isa = XCBuildConfiguration;
			buildSettings = {
				ALWAYS_EMBED_SWIFT_STANDARD_LIBRARIES = YES;
				CODE_SIGN_STYLE = Automatic;
				INFOPLIST_FILE = DemoUITests/Info.plist;
				LD_RUNPATH_SEARCH_PATHS = (
					"$(inherited)",
					"@executable_path/Frameworks",
					"@loader_path/Frameworks",
				);
				PRODUCT_BUNDLE_IDENTIFIER = com.cjs.demo.DemoUITests;
				PRODUCT_NAME = "$(TARGET_NAME)";
				SWIFT_VERSION = 4.0;
				TARGETED_DEVICE_FAMILY = "1,2";
				TEST_TARGET_NAME = Demo;
			};
			name = Debug;
		};
		C0879FEE20F7AF890053BBE8 /* Release */ = {
			isa = XCBuildConfiguration;
			buildSettings = {
				ALWAYS_EMBED_SWIFT_STANDARD_LIBRARIES = YES;
				CODE_SIGN_STYLE = Automatic;
				INFOPLIST_FILE = DemoUITests/Info.plist;
				LD_RUNPATH_SEARCH_PATHS = (
					"$(inherited)",
					"@executable_path/Frameworks",
					"@loader_path/Frameworks",
				);
				PRODUCT_BUNDLE_IDENTIFIER = com.cjs.demo.DemoUITests;
				PRODUCT_NAME = "$(TARGET_NAME)";
				SWIFT_VERSION = 4.0;
				TARGETED_DEVICE_FAMILY = "1,2";
				TEST_TARGET_NAME = Demo;
			};
			name = Release;
		};
/* End XCBuildConfiguration section */

/* Begin XCConfigurationList section */
		C0879FB920F7AF870053BBE8 /* Build configuration list for PBXProject "Demo" */ = {
			isa = XCConfigurationList;
			buildConfigurations = (
				C0879FE420F7AF890053BBE8 /* Debug */,
				C0879FE520F7AF890053BBE8 /* Release */,
			);
			defaultConfigurationIsVisible = 0;
			defaultConfigurationName = Release;
		};
		C0879FE620F7AF890053BBE8 /* Build configuration list for PBXNativeTarget "Demo" */ = {
			isa = XCConfigurationList;
			buildConfigurations = (
				C0879FE720F7AF890053BBE8 /* Debug */,
				C0879FE820F7AF890053BBE8 /* Release */,
			);
			defaultConfigurationIsVisible = 0;
			defaultConfigurationName = Release;
		};
		C0879FE920F7AF890053BBE8 /* Build configuration list for PBXNativeTarget "DemoTests" */ = {
			isa = XCConfigurationList;
			buildConfigurations = (
				C0879FEA20F7AF890053BBE8 /* Debug */,
				C0879FEB20F7AF890053BBE8 /* Release */,
			);
			defaultConfigurationIsVisible = 0;
			defaultConfigurationName = Release;
		};
		C0879FEC20F7AF890053BBE8 /* Build configuration list for PBXNativeTarget "DemoUITests" */ = {
			isa = XCConfigurationList;
			buildConfigurations = (
				C0879FED20F7AF890053BBE8 /* Debug */,
				C0879FEE20F7AF890053BBE8 /* Release */,
			);
			defaultConfigurationIsVisible = 0;
			defaultConfigurationName = Release;
		};
/* End XCConfigurationList section */
	};
	rootObject = C0879FB620F7AF870053BBE8 /* Project object */;
}
